
Microsoft Visual Studio Solution File, Format Version 12.00
# Visual Studio Version 16
VisualStudioVersion = 16.0.30717.126
MinimumVisualStudioVersion = 10.0.40219.1
Project("{FAE04EC0-301F-11D3-BF4B-00C04F79EFBC}") = "microserviceCim", "microserviceCim\microserviceCim.csproj", "{66CE8152-0A30-44FC-B891-B333E0035FF9}"
EndProject
Global
	GlobalSection(SolutionConfigurationPlatforms) = preSolution
		Debug|Any CPU = Debug|Any CPU
		Release|Any CPU = Release|Any CPU
	EndGlobalSection
	GlobalSection(ProjectConfigurationPlatforms) = postSolution
		{66CE8152-0A30-44FC-B891-B333E0035FF9}.Debug|Any CPU.ActiveCfg = Debug|Any CPU
		{66CE8152-0A30-44FC-B891-B333E0035FF9}.Debug|Any CPU.Build.0 = Debug|Any CPU
		{66CE8152-0A30-44FC-B891-B333E0035FF9}.Release|Any CPU.ActiveCfg = Release|Any CPU
		{66CE8152-0A30-44FC-B891-B333E0035FF9}.Release|Any CPU.Build.0 = Release|Any CPU
	EndGlobalSection
	GlobalSection(SolutionProperties) = preSolution
		HideSolutionNode = FALSE
	EndGlobalSection
	GlobalSection(ExtensibilityGlobals) = postSolution
		SolutionGuid = {6D402DDB-A9A8-4084-B5C3-0B3B3C0AC8A2}
	EndGlobalSection
EndGlobal
